
Microsoft Visual Studio Solution File, Format Version 12.00
# Visual Studio Version 17
VisualStudioVersion = 17.10.35013.160
MinimumVisualStudioVersion = 10.0.40219.1
Project("{FAE04EC0-301F-11D3-BF4B-00C04F79EFBC}") = "RevueCrafters.Tests", "RevueCrafters.Tests.csproj", "{839BEB04-8554-4CB3-99C0-A66EBEC5F95E}"
EndProject
Global
	GlobalSection(SolutionConfigurationPlatforms) = preSolution
		Debug|Any CPU = Debug|Any CPU
		Release|Any CPU = Release|Any CPU
	EndGlobalSection
	GlobalSection(ProjectConfigurationPlatforms) = postSolution
		{839BEB04-8554-4CB3-99C0-A66EBEC5F95E}.Debug|Any CPU.ActiveCfg = Debug|Any CPU
		{839BEB04-8554-4CB3-99C0-A66EBEC5F95E}.Debug|Any CPU.Build.0 = Debug|Any CPU
		{839BEB04-8554-4CB3-99C0-A66EBEC5F95E}.Release|Any CPU.ActiveCfg = Release|Any CPU
		{839BEB04-8554-4CB3-99C0-A66EBEC5F95E}.Release|Any CPU.Build.0 = Release|Any CPU
	EndGlobalSection
	GlobalSection(SolutionProperties) = preSolution
		HideSolutionNode = FALSE
	EndGlobalSection
	GlobalSection(ExtensibilityGlobals) = postSolution
		SolutionGuid = {5CCA1D40-725E-4ED1-8611-64120EE82BED}
	EndGlobalSection
EndGlobal
